
Microsoft Visual Studio Solution File, Format Version 12.00
# Visual Studio 15
VisualStudioVersion = 15.0.28010.2016
MinimumVisualStudioVersion = 10.0.40219.1
Project("{FAE04EC0-301F-11D3-BF4B-00C04F79EFBC}") = "CharacterEditor", "CharacterEditor\CharacterEditor.csproj", "{66FDD498-C37A-44E9-82EB-FDECE63A85C9}"
EndProject
Global
	GlobalSection(SolutionConfigurationPlatforms) = preSolution
		Debug|Any CPU = Debug|Any CPU
		Release|Any CPU = Release|Any CPU
	EndGlobalSection
	GlobalSection(ProjectConfigurationPlatforms) = postSolution
		{66FDD498-C37A-44E9-82EB-FDECE63A85C9}.Debug|Any CPU.ActiveCfg = Debug|Any CPU
		{66FDD498-C37A-44E9-82EB-FDECE63A85C9}.Debug|Any CPU.Build.0 = Debug|Any CPU
		{66FDD498-C37A-44E9-82EB-FDECE63A85C9}.Release|Any CPU.ActiveCfg = Release|Any CPU
		{66FDD498-C37A-44E9-82EB-FDECE63A85C9}.Release|Any CPU.Build.0 = Release|Any CPU
	EndGlobalSection
	GlobalSection(SolutionProperties) = preSolution
		HideSolutionNode = FALSE
	EndGlobalSection
	GlobalSection(ExtensibilityGlobals) = postSolution
		SolutionGuid = {8BC79175-25BE-4E4F-87A5-A78B5970DB87}
	EndGlobalSection
EndGlobal
